// !$*UTF8*$!
{
	archiveVersion = 1;
	classes = {
	};
	objectVersion = 45;
	objects = {

/* Begin PBXBuildFile section */
		1DDD58160DA1D0A300B32029 /* MainMenu.xib in Resources */ = {isa = PBXBuildFile; fileRef = 1DDD58140DA1D0A300B32029 /* MainMenu.xib */; };
		8D11072B0486CEB800E47090 /* InfoPlist.strings in Resources */ = {isa = PBXBuildFile; fileRef = 089C165CFE840E0CC02AAC07 /* InfoPlist.strings */; };
		8D11072D0486CEB800E47090 /* main.m in Sources */ = {isa = PBXBuildFile; fileRef = 29B97316FDCFA39411CA2CEA /* main.m */; settings = {ATTRIBUTES = (); }; };
		8D11072F0486CEB800E47090 /* Cocoa.framework in Frameworks */ = {isa = PBXBuildFile; fileRef = 1058C7A1FEA54F0111CA2CBB /* Cocoa.framework */; };
		ED2676F80F8F559C00664C8E /* ImageInfo.m in Sources */ = {isa = PBXBuildFile; fileRef = ED2676F70F8F559C00664C8E /* ImageInfo.m */; };
		ED2F1E6D0F73EBC500BB6F2B /* StartController.m in Sources */ = {isa = PBXBuildFile; fileRef = ED2F1E6C0F73EBC500BB6F2B /* StartController.m */; };
		EDADE04A0FBAC839006563C1 /* ThresholdNeuron.m in Sources */ = {isa = PBXBuildFile; fileRef = EDADE0490FBAC839006563C1 /* ThresholdNeuron.m */; };
		EDBD76F70F6A924F00BD843C /* FileTableDataSource.m in Sources */ = {isa = PBXBuildFile; fileRef = EDBD76F60F6A924F00BD843C /* FileTableDataSource.m */; };
		EDCC85830FB34C5400713E84 /* NeuronsLayer.m in Sources */ = {isa = PBXBuildFile; fileRef = EDCC85820FB34C5400713E84 /* NeuronsLayer.m */; };
		EDD723860F80DA4B00F422A9 /* ImageIntensity.m in Sources */ = {isa = PBXBuildFile; fileRef = EDD723850F80DA4B00F422A9 /* ImageIntensity.m */; };
		EDEE35BD0F7280E500E2CA39 /* NeuralNetworkEdgeDetector.m in Sources */ = {isa = PBXBuildFile; fileRef = EDEE35BC0F7280E500E2CA39 /* NeuralNetworkEdgeDetector.m */; };
		EDEE35C20F72835B00E2CA39 /* BrightnessSegmentation.m in Sources */ = {isa = PBXBuildFile; fileRef = EDEE35C10F72835B00E2CA39 /* BrightnessSegmentation.m */; };
		EDEE35D90F7288E200E2CA39 /* BrightnessNeuron.m in Sources */ = {isa = PBXBuildFile; fileRef = EDEE35D80F7288E200E2CA39 /* BrightnessNeuron.m */; };
/* End PBXBuildFile section */

/* Begin PBXFileReference section */
		089C165DFE840E0CC02AAC07 /* English */ = {isa = PBXFileReference; fileEncoding = 10; lastKnownFileType = text.plist.strings; name = English; path = English.lproj/InfoPlist.strings; sourceTree = "<group>"; };
		1058C7A1FEA54F0111CA2CBB /* Cocoa.framework */ = {isa = PBXFileReference; lastKnownFileType = wrapper.framework; name = Cocoa.framework; path = /System/Library/Frameworks/Cocoa.framework; sourceTree = "<absolute>"; };
		13E42FB307B3F0F600E4EEF1 /* CoreData.framework */ = {isa = PBXFileReference; lastKnownFileType = wrapper.framework; name = CoreData.framework; path = /System/Library/Frameworks/CoreData.framework; sourceTree = "<absolute>"; };
		1DDD58150DA1D0A300B32029 /* English */ = {isa = PBXFileReference; lastKnownFileType = file.xib; name = English; path = English.lproj/MainMenu.xib; sourceTree = "<group>"; };
		29B97316FDCFA39411CA2CEA /* main.m */ = {isa = PBXFileReference; fileEncoding = 4; lastKnownFileType = sourcecode.c.objc; path = main.m; sourceTree = "<group>"; };
		29B97324FDCFA39411CA2CEA /* AppKit.framework */ = {isa = PBXFileReference; lastKnownFileType = wrapper.framework; name = AppKit.framework; path = /System/Library/Frameworks/AppKit.framework; sourceTree = "<absolute>"; };
		29B97325FDCFA39411CA2CEA /* Foundation.framework */ = {isa = PBXFileReference; lastKnownFileType = wrapper.framework; name = Foundation.framework; path = /System/Library/Frameworks/Foundation.framework; sourceTree = "<absolute>"; };
		32CA4F630368D1EE00C91783 /* NeuralEdge_Prefix.pch */ = {isa = PBXFileReference; fileEncoding = 4; lastKnownFileType = sourcecode.c.h; path = NeuralEdge_Prefix.pch; sourceTree = "<group>"; };
		8D1107310486CEB800E47090 /* Info.plist */ = {isa = PBXFileReference; fileEncoding = 4; lastKnownFileType = text.plist.xml; path = Info.plist; sourceTree = "<group>"; };
		8D1107320486CEB800E47090 /* NeuralEdge.app */ = {isa = PBXFileReference; explicitFileType = wrapper.application; includeInIndex = 0; path = NeuralEdge.app; sourceTree = BUILT_PRODUCTS_DIR; };
		ED2676F60F8F559C00664C8E /* ImageInfo.h */ = {isa = PBXFileReference; fileEncoding = 4; lastKnownFileType = sourcecode.c.h; path = ImageInfo.h; sourceTree = "<group>"; };
		ED2676F70F8F559C00664C8E /* ImageInfo.m */ = {isa = PBXFileReference; fileEncoding = 4; lastKnownFileType = sourcecode.c.objc; path = ImageInfo.m; sourceTree = "<group>"; };
		ED2F1E6B0F73EBC500BB6F2B /* StartController.h */ = {isa = PBXFileReference; fileEncoding = 4; lastKnownFileType = sourcecode.c.h; path = StartController.h; sourceTree = "<group>"; };
		ED2F1E6C0F73EBC500BB6F2B /* StartController.m */ = {isa = PBXFileReference; fileEncoding = 4; lastKnownFileType = sourcecode.c.objc; path = StartController.m; sourceTree = "<group>"; };
		EDADE0480FBAC839006563C1 /* ThresholdNeuron.h */ = {isa = PBXFileReference; fileEncoding = 4; lastKnownFileType = sourcecode.c.h; path = ThresholdNeuron.h; sourceTree = "<group>"; };
		EDADE0490FBAC839006563C1 /* ThresholdNeuron.m */ = {isa = PBXFileReference; fileEncoding = 4; lastKnownFileType = sourcecode.c.objc; path = ThresholdNeuron.m; sourceTree = "<group>"; };
		EDBD76F50F6A924F00BD843C /* FileTableDataSource.h */ = {isa = PBXFileReference; fileEncoding = 4; lastKnownFileType = sourcecode.c.h; path = FileTableDataSource.h; sourceTree = "<group>"; };
		EDBD76F60F6A924F00BD843C /* FileTableDataSource.m */ = {isa = PBXFileReference; fileEncoding = 4; lastKnownFileType = sourcecode.c.objc; path = FileTableDataSource.m; sourceTree = "<group>"; };
		EDCC85810FB34C5400713E84 /* NeuronsLayer.h */ = {isa = PBXFileReference; fileEncoding = 4; lastKnownFileType = sourcecode.c.h; path = NeuronsLayer.h; sourceTree = "<group>"; };
		EDCC85820FB34C5400713E84 /* NeuronsLayer.m */ = {isa = PBXFileReference; fileEncoding = 4; lastKnownFileType = sourcecode.c.objc; path = NeuronsLayer.m; sourceTree = "<group>"; };
		EDD723840F80DA4B00F422A9 /* ImageIntensity.h */ = {isa = PBXFileReference; fileEncoding = 4; lastKnownFileType = sourcecode.c.h; path = ImageIntensity.h; sourceTree = "<group>"; };
		EDD723850F80DA4B00F422A9 /* ImageIntensity.m */ = {isa = PBXFileReference; fileEncoding = 4; indentWidth = 4; lastKnownFileType = sourcecode.c.objc; path = ImageIntensity.m; sourceTree = "<group>"; tabWidth = 4; usesTabs = 1; };
		EDEE35BB0F7280E500E2CA39 /* NeuralNetworkEdgeDetector.h */ = {isa = PBXFileReference; fileEncoding = 4; lastKnownFileType = sourcecode.c.h; path = NeuralNetworkEdgeDetector.h; sourceTree = "<group>"; };
		EDEE35BC0F7280E500E2CA39 /* NeuralNetworkEdgeDetector.m */ = {isa = PBXFileReference; fileEncoding = 4; lastKnownFileType = sourcecode.c.objc; path = NeuralNetworkEdgeDetector.m; sourceTree = "<group>"; };
		EDEE35C00F72835B00E2CA39 /* BrightnessSegmentation.h */ = {isa = PBXFileReference; fileEncoding = 4; lastKnownFileType = sourcecode.c.h; path = BrightnessSegmentation.h; sourceTree = "<group>"; };
		EDEE35C10F72835B00E2CA39 /* BrightnessSegmentation.m */ = {isa = PBXFileReference; fileEncoding = 4; lastKnownFileType = sourcecode.c.objc; path = BrightnessSegmentation.m; sourceTree = "<group>"; };
		EDEE35D70F7288E200E2CA39 /* BrightnessNeuron.h */ = {isa = PBXFileReference; fileEncoding = 4; lastKnownFileType = sourcecode.c.h; path = BrightnessNeuron.h; sourceTree = "<group>"; };
		EDEE35D80F7288E200E2CA39 /* BrightnessNeuron.m */ = {isa = PBXFileReference; fileEncoding = 4; lastKnownFileType = sourcecode.c.objc; path = BrightnessNeuron.m; sourceTree = "<group>"; };
/* End PBXFileReference section */

/* Begin PBXFrameworksBuildPhase section */
		8D11072E0486CEB800E47090 /* Frameworks */ = {
			isa = PBXFrameworksBuildPhase;
			buildActionMask = 2147483647;
			files = (
				8D11072F0486CEB800E47090 /* Cocoa.framework in Frameworks */,
			);
			runOnlyForDeploymentPostprocessing = 0;
		};
/* End PBXFrameworksBuildPhase section */

/* Begin PBXGroup section */
		080E96DDFE201D6D7F000001 /* Classes */ = {
			isa = PBXGroup;
			children = (
				EDEE35C30F72836200E2CA39 /* NeuralNetwork */,
				EDBD76F50F6A924F00BD843C /* FileTableDataSource.h */,
				EDBD76F60F6A924F00BD843C /* FileTableDataSource.m */,
				ED2F1E6B0F73EBC500BB6F2B /* StartController.h */,
				ED2F1E6C0F73EBC500BB6F2B /* StartController.m */,
			);
			name = Classes;
			sourceTree = "<group>";
		};
		1058C7A0FEA54F0111CA2CBB /* Linked Frameworks */ = {
			isa = PBXGroup;
			children = (
				1058C7A1FEA54F0111CA2CBB /* Cocoa.framework */,
			);
			name = "Linked Frameworks";
			sourceTree = "<group>";
		};
		1058C7A2FEA54F0111CA2CBB /* Other Frameworks */ = {
			isa = PBXGroup;
			children = (
				29B97324FDCFA39411CA2CEA /* AppKit.framework */,
				13E42FB307B3F0F600E4EEF1 /* CoreData.framework */,
				29B97325FDCFA39411CA2CEA /* Foundation.framework */,
			);
			name = "Other Frameworks";
			sourceTree = "<group>";
		};
		19C28FACFE9D520D11CA2CBB /* Products */ = {
			isa = PBXGroup;
			children = (
				8D1107320486CEB800E47090 /* NeuralEdge.app */,
			);
			name = Products;
			sourceTree = "<group>";
		};
		29B97314FDCFA39411CA2CEA /* NeuralEdge */ = {
			isa = PBXGroup;
			children = (
				080E96DDFE201D6D7F000001 /* Classes */,
				29B97315FDCFA39411CA2CEA /* Other Sources */,
				29B97317FDCFA39411CA2CEA /* Resources */,
				29B97323FDCFA39411CA2CEA /* Frameworks */,
				19C28FACFE9D520D11CA2CBB /* Products */,
			);
			name = NeuralEdge;
			sourceTree = "<group>";
		};
		29B97315FDCFA39411CA2CEA /* Other Sources */ = {
			isa = PBXGroup;
			children = (
				32CA4F630368D1EE00C91783 /* NeuralEdge_Prefix.pch */,
				29B97316FDCFA39411CA2CEA /* main.m */,
			);
			name = "Other Sources";
			sourceTree = "<group>";
		};
		29B97317FDCFA39411CA2CEA /* Resources */ = {
			isa = PBXGroup;
			children = (
				8D1107310486CEB800E47090 /* Info.plist */,
				089C165CFE840E0CC02AAC07 /* InfoPlist.strings */,
				1DDD58140DA1D0A300B32029 /* MainMenu.xib */,
			);
			name = Resources;
			sourceTree = "<group>";
		};
		29B97323FDCFA39411CA2CEA /* Frameworks */ = {
			isa = PBXGroup;
			children = (
				1058C7A0FEA54F0111CA2CBB /* Linked Frameworks */,
				1058C7A2FEA54F0111CA2CBB /* Other Frameworks */,
			);
			name = Frameworks;
			sourceTree = "<group>";
		};
		EDEE35C30F72836200E2CA39 /* NeuralNetwork */ = {
			isa = PBXGroup;
			children = (
				EDEE35BB0F7280E500E2CA39 /* NeuralNetworkEdgeDetector.h */,
				EDEE35BC0F7280E500E2CA39 /* NeuralNetworkEdgeDetector.m */,
				EDD723840F80DA4B00F422A9 /* ImageIntensity.h */,
				EDD723850F80DA4B00F422A9 /* ImageIntensity.m */,
				EDEE35C00F72835B00E2CA39 /* BrightnessSegmentation.h */,
				EDEE35C10F72835B00E2CA39 /* BrightnessSegmentation.m */,
				EDEE35D70F7288E200E2CA39 /* BrightnessNeuron.h */,
				EDEE35D80F7288E200E2CA39 /* BrightnessNeuron.m */,
				ED2676F60F8F559C00664C8E /* ImageInfo.h */,
				ED2676F70F8F559C00664C8E /* ImageInfo.m */,
				EDCC85810FB34C5400713E84 /* NeuronsLayer.h */,
				EDCC85820FB34C5400713E84 /* NeuronsLayer.m */,
				EDADE0480FBAC839006563C1 /* ThresholdNeuron.h */,
				EDADE0490FBAC839006563C1 /* ThresholdNeuron.m */,
			);
			name = NeuralNetwork;
			sourceTree = "<group>";
		};
/* End PBXGroup section */

/* Begin PBXNativeTarget section */
		8D1107260486CEB800E47090 /* NeuralEdge */ = {
			isa = PBXNativeTarget;
			buildConfigurationList = C01FCF4A08A954540054247B /* Build configuration list for PBXNativeTarget "NeuralEdge" */;
			buildPhases = (
				8D1107290486CEB800E47090 /* Resources */,
				8D11072C0486CEB800E47090 /* Sources */,
				8D11072E0486CEB800E47090 /* Frameworks */,
			);
			buildRules = (
			);
			dependencies = (
			);
			name = NeuralEdge;
			productInstallPath = "$(HOME)/Applications";
			productName = NeuralEdge;
			productReference = 8D1107320486CEB800E47090 /* NeuralEdge.app */;
			productType = "com.apple.product-type.application";
		};
/* End PBXNativeTarget section */

/* Begin PBXProject section */
		29B97313FDCFA39411CA2CEA /* Project object */ = {
			isa = PBXProject;
			buildConfigurationList = C01FCF4E08A954540054247B /* Build configuration list for PBXProject "NeuralEdge" */;
			compatibilityVersion = "Xcode 3.1";
			hasScannedForEncodings = 1;
			mainGroup = 29B97314FDCFA39411CA2CEA /* NeuralEdge */;
			projectDirPath = "";
			projectRoot = "";
			targets = (
				8D1107260486CEB800E47090 /* NeuralEdge */,
			);
		};
/* End PBXProject section */

/* Begin PBXResourcesBuildPhase section */
		8D1107290486CEB800E47090 /* Resources */ = {
			isa = PBXResourcesBuildPhase;
			buildActionMask = 2147483647;
			files = (
				8D11072B0486CEB800E47090 /* InfoPlist.strings in Resources */,
				1DDD58160DA1D0A300B32029 /* MainMenu.xib in Resources */,
			);
			runOnlyForDeploymentPostprocessing = 0;
		};
/* End PBXResourcesBuildPhase section */

/* Begin PBXSourcesBuildPhase section */
		8D11072C0486CEB800E47090 /* Sources */ = {
			isa = PBXSourcesBuildPhase;
			buildActionMask = 2147483647;
			files = (
				8D11072D0486CEB800E47090 /* main.m in Sources */,
				EDBD76F70F6A924F00BD843C /* FileTableDataSource.m in Sources */,
				EDEE35BD0F7280E500E2CA39 /* NeuralNetworkEdgeDetector.m in Sources */,
				EDEE35C20F72835B00E2CA39 /* BrightnessSegmentation.m in Sources */,
				EDEE35D90F7288E200E2CA39 /* BrightnessNeuron.m in Sources */,
				ED2F1E6D0F73EBC500BB6F2B /* StartController.m in Sources */,
				EDD723860F80DA4B00F422A9 /* ImageIntensity.m in Sources */,
				ED2676F80F8F559C00664C8E /* ImageInfo.m in Sources */,
				EDCC85830FB34C5400713E84 /* NeuronsLayer.m in Sources */,
				EDADE04A0FBAC839006563C1 /* ThresholdNeuron.m in Sources */,
			);
			runOnlyForDeploymentPostprocessing = 0;
		};
/* End PBXSourcesBuildPhase section */

/* Begin PBXVariantGroup section */
		089C165CFE840E0CC02AAC07 /* InfoPlist.strings */ = {
			isa = PBXVariantGroup;
			children = (
				089C165DFE840E0CC02AAC07 /* English */,
			);
			name = InfoPlist.strings;
			sourceTree = "<group>";
		};
		1DDD58140DA1D0A300B32029 /* MainMenu.xib */ = {
			isa = PBXVariantGroup;
			children = (
				1DDD58150DA1D0A300B32029 /* English */,
			);
			name = MainMenu.xib;
			sourceTree = "<group>";
		};
/* End PBXVariantGroup section */

/* Begin XCBuildConfiguration section */
		C01FCF4B08A954540054247B /* Debug */ = {
			isa = XCBuildConfiguration;
			buildSettings = {
				ALWAYS_SEARCH_USER_PATHS = NO;
				COPY_PHASE_STRIP = NO;
				GCC_DYNAMIC_NO_PIC = NO;
				GCC_ENABLE_FIX_AND_CONTINUE = YES;
				GCC_MODEL_TUNING = G5;
				GCC_OPTIMIZATION_LEVEL = 0;
				GCC_PRECOMPILE_PREFIX_HEADER = YES;
				GCC_PREFIX_HEADER = NeuralEdge_Prefix.pch;
				INFOPLIST_FILE = Info.plist;
				INSTALL_PATH = "$(HOME)/Applications";
				PRODUCT_NAME = NeuralEdge;
			};
			name = Debug;
		};
		C01FCF4C08A954540054247B /* Release */ = {
			isa = XCBuildConfiguration;
			buildSettings = {
				ALWAYS_SEARCH_USER_PATHS = NO;
				DEBUG_INFORMATION_FORMAT = "dwarf-with-dsym";
				GCC_MODEL_TUNING = G5;
				GCC_PRECOMPILE_PREFIX_HEADER = YES;
				GCC_PREFIX_HEADER = NeuralEdge_Prefix.pch;
				INFOPLIST_FILE = Info.plist;
				INSTALL_PATH = "$(HOME)/Applications";
				PRODUCT_NAME = NeuralEdge;
			};
			name = Release;
		};
		C01FCF4F08A954540054247B /* Debug */ = {
			isa = XCBuildConfiguration;
			buildSettings = {
				ARCHS = "$(ARCHS_STANDARD_32_BIT)";
				GCC_C_LANGUAGE_STANDARD = c99;
				GCC_OPTIMIZATION_LEVEL = 0;
				GCC_WARN_ABOUT_RETURN_TYPE = YES;
				GCC_WARN_UNUSED_VARIABLE = YES;
				ONLY_ACTIVE_ARCH = YES;
				PREBINDING = NO;
				SDKROOT = macosx10.5;
			};
			name = Debug;
		};
		C01FCF5008A954540054247B /* Release */ = {
			isa = XCBuildConfiguration;
			buildSettings = {
				ARCHS = "$(ARCHS_STANDARD_32_BIT)";
				GCC_C_LANGUAGE_STANDARD = c99;
				GCC_WARN_ABOUT_RETURN_TYPE = YES;
				GCC_WARN_UNUSED_VARIABLE = YES;
				PREBINDING = NO;
				SDKROOT = macosx10.5;
			};
			name = Release;
		};
/* End XCBuildConfiguration section */

/* Begin XCConfigurationList section */
		C01FCF4A08A954540054247B /* Build configuration list for PBXNativeTarget "NeuralEdge" */ = {
			isa = XCConfigurationList;
			buildConfigurations = (
				C01FCF4B08A954540054247B /* Debug */,
				C01FCF4C08A954540054247B /* Release */,
			);
			defaultConfigurationIsVisible = 0;
			defaultConfigurationName = Release;
		};
		C01FCF4E08A954540054247B /* Build configuration list for PBXProject "NeuralEdge" */ = {
			isa = XCConfigurationList;
			buildConfigurations = (
				C01FCF4F08A954540054247B /* Debug */,
				C01FCF5008A954540054247B /* Release */,
			);
			defaultConfigurationIsVisible = 0;
			defaultConfigurationName = Release;
		};
/* End XCConfigurationList section */
	};
	rootObject = 29B97313FDCFA39411CA2CEA /* Project object */;
}
